// !$*UTF8*$!
{
	archiveVersion = 1;
	classes = {
	};
	objectVersion = 56;
	objects = {

/* Begin PBXBuildFile section */
		925ECB2A29693351005AD2AF /* FirebasePracticeApp.swift in Sources */ = {isa = PBXBuildFile; fileRef = 925ECB2929693351005AD2AF /* FirebasePracticeApp.swift */; };
		925ECB2E29693353005AD2AF /* Assets.xcassets in Resources */ = {isa = PBXBuildFile; fileRef = 925ECB2D29693353005AD2AF /* Assets.xcassets */; };
		925ECB3129693354005AD2AF /* Preview Assets.xcassets in Resources */ = {isa = PBXBuildFile; fileRef = 925ECB3029693354005AD2AF /* Preview Assets.xcassets */; };
		92744CC2296B1A1400126A57 /* AddProductView.swift in Sources */ = {isa = PBXBuildFile; fileRef = 92744CBA296B1A1400126A57 /* AddProductView.swift */; };
		92744CC3296B1A1400126A57 /* SearchView.swift in Sources */ = {isa = PBXBuildFile; fileRef = 92744CBB296B1A1400126A57 /* SearchView.swift */; };
		92744CC4296B1A1400126A57 /* LikeView.swift in Sources */ = {isa = PBXBuildFile; fileRef = 92744CBC296B1A1400126A57 /* LikeView.swift */; };
		92744CC5296B1A1400126A57 /* DetailView.swift in Sources */ = {isa = PBXBuildFile; fileRef = 92744CBD296B1A1400126A57 /* DetailView.swift */; };
		92744CC6296B1A1400126A57 /* HomeView.swift in Sources */ = {isa = PBXBuildFile; fileRef = 92744CBE296B1A1400126A57 /* HomeView.swift */; };
		92744CC7296B1A1400126A57 /* ImagePicker.swift in Sources */ = {isa = PBXBuildFile; fileRef = 92744CBF296B1A1400126A57 /* ImagePicker.swift */; };
		92744CC8296B1A1400126A57 /* ContentView.swift in Sources */ = {isa = PBXBuildFile; fileRef = 92744CC0296B1A1400126A57 /* ContentView.swift */; };
		92744CC9296B1A1400126A57 /* MyPageView.swift in Sources */ = {isa = PBXBuildFile; fileRef = 92744CC1296B1A1400126A57 /* MyPageView.swift */; };
		92744CD4296B1A6C00126A57 /* Product.swift in Sources */ = {isa = PBXBuildFile; fileRef = 92744CD1296B1A6C00126A57 /* Product.swift */; };
		92744CD5296B1A6C00126A57 /* ProductStore.swift in Sources */ = {isa = PBXBuildFile; fileRef = 92744CD2296B1A6C00126A57 /* ProductStore.swift */; };
		92744CD6296B1A6C00126A57 /* User.swift in Sources */ = {isa = PBXBuildFile; fileRef = 92744CD3296B1A6C00126A57 /* User.swift */; };
		92744CD8296B1B0A00126A57 /* GoogleService-Info.plist in Resources */ = {isa = PBXBuildFile; fileRef = 92744CD7296B1B0A00126A57 /* GoogleService-Info.plist */; };
		92744CDB296B1C2200126A57 /* FirebaseAuth in Frameworks */ = {isa = PBXBuildFile; productRef = 92744CDA296B1C2200126A57 /* FirebaseAuth */; };
		92744CDD296B1C2200126A57 /* FirebaseDatabase in Frameworks */ = {isa = PBXBuildFile; productRef = 92744CDC296B1C2200126A57 /* FirebaseDatabase */; };
		92744CDF296B1C2200126A57 /* FirebaseDatabaseSwift in Frameworks */ = {isa = PBXBuildFile; productRef = 92744CDE296B1C2200126A57 /* FirebaseDatabaseSwift */; };
		92744CE1296B1C2200126A57 /* FirebaseFirestore in Frameworks */ = {isa = PBXBuildFile; productRef = 92744CE0296B1C2200126A57 /* FirebaseFirestore */; };
		92744CE6296C3A1B00126A57 /* UpdateProductView.swift in Sources */ = {isa = PBXBuildFile; fileRef = 92744CE5296C3A1B00126A57 /* UpdateProductView.swift */; };
/* End PBXBuildFile section */

/* Begin PBXFileReference section */
		925ECB2629693351005AD2AF /* FirebasePractice.app */ = {isa = PBXFileReference; explicitFileType = wrapper.application; includeInIndex = 0; path = FirebasePractice.app; sourceTree = BUILT_PRODUCTS_DIR; };
		925ECB2929693351005AD2AF /* FirebasePracticeApp.swift */ = {isa = PBXFileReference; lastKnownFileType = sourcecode.swift; path = FirebasePracticeApp.swift; sourceTree = "<group>"; };
		925ECB2D29693353005AD2AF /* Assets.xcassets */ = {isa = PBXFileReference; lastKnownFileType = folder.assetcatalog; path = Assets.xcassets; sourceTree = "<group>"; };
		925ECB3029693354005AD2AF /* Preview Assets.xcassets */ = {isa = PBXFileReference; lastKnownFileType = folder.assetcatalog; path = "Preview Assets.xcassets"; sourceTree = "<group>"; };
		92744CBA296B1A1400126A57 /* AddProductView.swift */ = {isa = PBXFileReference; fileEncoding = 4; lastKnownFileType = sourcecode.swift; path = AddProductView.swift; sourceTree = "<group>"; };
		92744CBB296B1A1400126A57 /* SearchView.swift */ = {isa = PBXFileReference; fileEncoding = 4; lastKnownFileType = sourcecode.swift; path = SearchView.swift; sourceTree = "<group>"; };
		92744CBC296B1A1400126A57 /* LikeView.swift */ = {isa = PBXFileReference; fileEncoding = 4; lastKnownFileType = sourcecode.swift; path = LikeView.swift; sourceTree = "<group>"; };
		92744CBD296B1A1400126A57 /* DetailView.swift */ = {isa = PBXFileReference; fileEncoding = 4; lastKnownFileType = sourcecode.swift; path = DetailView.swift; sourceTree = "<group>"; };
		92744CBE296B1A1400126A57 /* HomeView.swift */ = {isa = PBXFileReference; fileEncoding = 4; lastKnownFileType = sourcecode.swift; path = HomeView.swift; sourceTree = "<group>"; };
		92744CBF296B1A1400126A57 /* ImagePicker.swift */ = {isa = PBXFileReference; fileEncoding = 4; lastKnownFileType = sourcecode.swift; path = ImagePicker.swift; sourceTree = "<group>"; };
		92744CC0296B1A1400126A57 /* ContentView.swift */ = {isa = PBXFileReference; fileEncoding = 4; lastKnownFileType = sourcecode.swift; path = ContentView.swift; sourceTree = "<group>"; };
		92744CC1296B1A1400126A57 /* MyPageView.swift */ = {isa = PBXFileReference; fileEncoding = 4; lastKnownFileType = sourcecode.swift; path = MyPageView.swift; sourceTree = "<group>"; };
		92744CD1296B1A6C00126A57 /* Product.swift */ = {isa = PBXFileReference; fileEncoding = 4; lastKnownFileType = sourcecode.swift; name = Product.swift; path = FirebasePractice/Models/Product.swift; sourceTree = SOURCE_ROOT; };
		92744CD2296B1A6C00126A57 /* ProductStore.swift */ = {isa = PBXFileReference; fileEncoding = 4; lastKnownFileType = sourcecode.swift; name = ProductStore.swift; path = FirebasePractice/Models/ProductStore.swift; sourceTree = SOURCE_ROOT; };
		92744CD3296B1A6C00126A57 /* User.swift */ = {isa = PBXFileReference; fileEncoding = 4; lastKnownFileType = sourcecode.swift; name = User.swift; path = FirebasePractice/Models/User.swift; sourceTree = SOURCE_ROOT; };
		92744CD7296B1B0A00126A57 /* GoogleService-Info.plist */ = {isa = PBXFileReference; fileEncoding = 4; lastKnownFileType = text.plist.xml; name = "GoogleService-Info.plist"; path = "../../../Downloads/GoogleService-Info.plist"; sourceTree = "<group>"; };
		92744CE5296C3A1B00126A57 /* UpdateProductView.swift */ = {isa = PBXFileReference; lastKnownFileType = sourcecode.swift; path = UpdateProductView.swift; sourceTree = "<group>"; };
/* End PBXFileReference section */

/* Begin PBXFrameworksBuildPhase section */
		925ECB2329693351005AD2AF /* Frameworks */ = {
			isa = PBXFrameworksBuildPhase;
			buildActionMask = 2147483647;
			files = (
				92744CDF296B1C2200126A57 /* FirebaseDatabaseSwift in Frameworks */,
				92744CE1296B1C2200126A57 /* FirebaseFirestore in Frameworks */,
				92744CDD296B1C2200126A57 /* FirebaseDatabase in Frameworks */,
				92744CDB296B1C2200126A57 /* FirebaseAuth in Frameworks */,
			);
			runOnlyForDeploymentPostprocessing = 0;
		};
/* End PBXFrameworksBuildPhase section */

/* Begin PBXGroup section */
		925ECB1D29693351005AD2AF = {
			isa = PBXGroup;
			children = (
				925ECB2829693351005AD2AF /* FirebasePractice */,
				925ECB2729693351005AD2AF /* Products */,
			);
			sourceTree = "<group>";
		};
		925ECB2729693351005AD2AF /* Products */ = {
			isa = PBXGroup;
			children = (
				925ECB2629693351005AD2AF /* FirebasePractice.app */,
			);
			name = Products;
			sourceTree = "<group>";
		};
		925ECB2829693351005AD2AF /* FirebasePractice */ = {
			isa = PBXGroup;
			children = (
				925ECB2929693351005AD2AF /* FirebasePracticeApp.swift */,
				92744CCA296B1A4000126A57 /* Models */,
				92744CB9296B1A1400126A57 /* Views */,
				925ECB2D29693353005AD2AF /* Assets.xcassets */,
				92744CD7296B1B0A00126A57 /* GoogleService-Info.plist */,
				925ECB2F29693354005AD2AF /* Preview Content */,
			);
			path = FirebasePractice;
			sourceTree = "<group>";
		};
		925ECB2F29693354005AD2AF /* Preview Content */ = {
			isa = PBXGroup;
			children = (
				925ECB3029693354005AD2AF /* Preview Assets.xcassets */,
			);
			path = "Preview Content";
			sourceTree = "<group>";
		};
		92744CB9296B1A1400126A57 /* Views */ = {
			isa = PBXGroup;
			children = (
				92744CC0296B1A1400126A57 /* ContentView.swift */,
				92744CE2296C223A00126A57 /* Home */,
				92744CBB296B1A1400126A57 /* SearchView.swift */,
				92744CBC296B1A1400126A57 /* LikeView.swift */,
				92744CBF296B1A1400126A57 /* ImagePicker.swift */,
				92744CC1296B1A1400126A57 /* MyPageView.swift */,
			);
			path = Views;
			sourceTree = "<group>";
		};
		92744CCA296B1A4000126A57 /* Models */ = {
			isa = PBXGroup;
			children = (
				92744CD1296B1A6C00126A57 /* Product.swift */,
				92744CD2296B1A6C00126A57 /* ProductStore.swift */,
				92744CD3296B1A6C00126A57 /* User.swift */,
			);
			name = Models;
			path = ../../../Desktop/Models;
			sourceTree = "<group>";
		};
		92744CE2296C223A00126A57 /* Home */ = {
			isa = PBXGroup;
			children = (
				92744CBE296B1A1400126A57 /* HomeView.swift */,
				92744CBD296B1A1400126A57 /* DetailView.swift */,
				92744CBA296B1A1400126A57 /* AddProductView.swift */,
				92744CE5296C3A1B00126A57 /* UpdateProductView.swift */,
			);
			path = Home;
			sourceTree = "<group>";
		};
/* End PBXGroup section */

/* Begin PBXNativeTarget section */
		925ECB2529693351005AD2AF /* FirebasePractice */ = {
			isa = PBXNativeTarget;
			buildConfigurationList = 925ECB3429693354005AD2AF /* Build configuration list for PBXNativeTarget "FirebasePractice" */;
			buildPhases = (
				925ECB2229693351005AD2AF /* Sources */,
				925ECB2329693351005AD2AF /* Frameworks */,
				925ECB2429693351005AD2AF /* Resources */,
			);
			buildRules = (
			);
			dependencies = (
			);
			name = FirebasePractice;
			packageProductDependencies = (
				92744CDA296B1C2200126A57 /* FirebaseAuth */,
				92744CDC296B1C2200126A57 /* FirebaseDatabase */,
				92744CDE296B1C2200126A57 /* FirebaseDatabaseSwift */,
				92744CE0296B1C2200126A57 /* FirebaseFirestore */,
			);
			productName = FirebasePractice;
			productReference = 925ECB2629693351005AD2AF /* FirebasePractice.app */;
			productType = "com.apple.product-type.application";
		};
/* End PBXNativeTarget section */

/* Begin PBXProject section */
		925ECB1E29693351005AD2AF /* Project object */ = {
			isa = PBXProject;
			attributes = {
				BuildIndependentTargetsInParallel = 1;
				LastSwiftUpdateCheck = 1420;
				LastUpgradeCheck = 1420;
				TargetAttributes = {
					925ECB2529693351005AD2AF = {
						CreatedOnToolsVersion = 14.2;
					};
				};
			};
			buildConfigurationList = 925ECB2129693351005AD2AF /* Build configuration list for PBXProject "FirebasePractice" */;
			compatibilityVersion = "Xcode 14.0";
			developmentRegion = en;
			hasScannedForEncodings = 0;
			knownRegions = (
				en,
				Base,
			);
			mainGroup = 925ECB1D29693351005AD2AF;
			packageReferences = (
				92744CD9296B1C2200126A57 /* XCRemoteSwiftPackageReference "firebase-ios-sdk" */,
			);
			productRefGroup = 925ECB2729693351005AD2AF /* Products */;
			projectDirPath = "";
			projectRoot = "";
			targets = (
				925ECB2529693351005AD2AF /* FirebasePractice */,
			);
		};
/* End PBXProject section */

/* Begin PBXResourcesBuildPhase section */
		925ECB2429693351005AD2AF /* Resources */ = {
			isa = PBXResourcesBuildPhase;
			buildActionMask = 2147483647;
			files = (
				925ECB3129693354005AD2AF /* Preview Assets.xcassets in Resources */,
				925ECB2E29693353005AD2AF /* Assets.xcassets in Resources */,
				92744CD8296B1B0A00126A57 /* GoogleService-Info.plist in Resources */,
			);
			runOnlyForDeploymentPostprocessing = 0;
		};
/* End PBXResourcesBuildPhase section */

/* Begin PBXSourcesBuildPhase section */
		925ECB2229693351005AD2AF /* Sources */ = {
			isa = PBXSourcesBuildPhase;
			buildActionMask = 2147483647;
			files = (
				92744CC5296B1A1400126A57 /* DetailView.swift in Sources */,
				92744CC2296B1A1400126A57 /* AddProductView.swift in Sources */,
				92744CC8296B1A1400126A57 /* ContentView.swift in Sources */,
				92744CC4296B1A1400126A57 /* LikeView.swift in Sources */,
				92744CC7296B1A1400126A57 /* ImagePicker.swift in Sources */,
				92744CC9296B1A1400126A57 /* MyPageView.swift in Sources */,
				92744CD6296B1A6C00126A57 /* User.swift in Sources */,
				92744CC6296B1A1400126A57 /* HomeView.swift in Sources */,
				92744CC3296B1A1400126A57 /* SearchView.swift in Sources */,
				925ECB2A29693351005AD2AF /* FirebasePracticeApp.swift in Sources */,
				92744CE6296C3A1B00126A57 /* UpdateProductView.swift in Sources */,
				92744CD4296B1A6C00126A57 /* Product.swift in Sources */,
				92744CD5296B1A6C00126A57 /* ProductStore.swift in Sources */,
			);
			runOnlyForDeploymentPostprocessing = 0;
		};
/* End PBXSourcesBuildPhase section */

/* Begin XCBuildConfiguration section */
		925ECB3229693354005AD2AF /* Debug */ = {
			isa = XCBuildConfiguration;
			buildSettings = {
				ALWAYS_SEARCH_USER_PATHS = NO;
				CLANG_ANALYZER_NONNULL = YES;
				CLANG_ANALYZER_NUMBER_OBJECT_CONVERSION = YES_AGGRESSIVE;
				CLANG_CXX_LANGUAGE_STANDARD = "gnu++20";
				CLANG_ENABLE_MODULES = YES;
				CLANG_ENABLE_OBJC_ARC = YES;
				CLANG_ENABLE_OBJC_WEAK = YES;
				CLANG_WARN_BLOCK_CAPTURE_AUTORELEASING = YES;
				CLANG_WARN_BOOL_CONVERSION = YES;
				CLANG_WARN_COMMA = YES;
				CLANG_WARN_CONSTANT_CONVERSION = YES;
				CLANG_WARN_DEPRECATED_OBJC_IMPLEMENTATIONS = YES;
				CLANG_WARN_DIRECT_OBJC_ISA_USAGE = YES_ERROR;
				CLANG_WARN_DOCUMENTATION_COMMENTS = YES;
				CLANG_WARN_EMPTY_BODY = YES;
				CLANG_WARN_ENUM_CONVERSION = YES;
				CLANG_WARN_INFINITE_RECURSION = YES;
				CLANG_WARN_INT_CONVERSION = YES;
				CLANG_WARN_NON_LITERAL_NULL_CONVERSION = YES;
				CLANG_WARN_OBJC_IMPLICIT_RETAIN_SELF = YES;
				CLANG_WARN_OBJC_LITERAL_CONVERSION = YES;
				CLANG_WARN_OBJC_ROOT_CLASS = YES_ERROR;
				CLANG_WARN_QUOTED_INCLUDE_IN_FRAMEWORK_HEADER = YES;
				CLANG_WARN_RANGE_LOOP_ANALYSIS = YES;
				CLANG_WARN_STRICT_PROTOTYPES = YES;
				CLANG_WARN_SUSPICIOUS_MOVE = YES;
				CLANG_WARN_UNGUARDED_AVAILABILITY = YES_AGGRESSIVE;
				CLANG_WARN_UNREACHABLE_CODE = YES;
				CLANG_WARN__DUPLICATE_METHOD_MATCH = YES;
				COPY_PHASE_STRIP = NO;
				DEBUG_INFORMATION_FORMAT = dwarf;
				ENABLE_STRICT_OBJC_MSGSEND = YES;
				ENABLE_TESTABILITY = YES;
				GCC_C_LANGUAGE_STANDARD = gnu11;
				GCC_DYNAMIC_NO_PIC = NO;
				GCC_NO_COMMON_BLOCKS = YES;
				GCC_OPTIMIZATION_LEVEL = 0;
				GCC_PREPROCESSOR_DEFINITIONS = (
					"DEBUG=1",
					"$(inherited)",
				);
				GCC_WARN_64_TO_32_BIT_CONVERSION = YES;
				GCC_WARN_ABOUT_RETURN_TYPE = YES_ERROR;
				GCC_WARN_UNDECLARED_SELECTOR = YES;
				GCC_WARN_UNINITIALIZED_AUTOS = YES_AGGRESSIVE;
				GCC_WARN_UNUSED_FUNCTION = YES;
				GCC_WARN_UNUSED_VARIABLE = YES;
				IPHONEOS_DEPLOYMENT_TARGET = 16.2;
				MTL_ENABLE_DEBUG_INFO = INCLUDE_SOURCE;
				MTL_FAST_MATH = YES;
				ONLY_ACTIVE_ARCH = YES;
				SDKROOT = iphoneos;
				SWIFT_ACTIVE_COMPILATION_CONDITIONS = DEBUG;
				SWIFT_OPTIMIZATION_LEVEL = "-Onone";
			};
			name = Debug;
		};
		925ECB3329693354005AD2AF /* Release */ = {
			isa = XCBuildConfiguration;
			buildSettings = {
				ALWAYS_SEARCH_USER_PATHS = NO;
				CLANG_ANALYZER_NONNULL = YES;
				CLANG_ANALYZER_NUMBER_OBJECT_CONVERSION = YES_AGGRESSIVE;
				CLANG_CXX_LANGUAGE_STANDARD = "gnu++20";
				CLANG_ENABLE_MODULES = YES;
				CLANG_ENABLE_OBJC_ARC = YES;
				CLANG_ENABLE_OBJC_WEAK = YES;
				CLANG_WARN_BLOCK_CAPTURE_AUTORELEASING = YES;
				CLANG_WARN_BOOL_CONVERSION = YES;
				CLANG_WARN_COMMA = YES;
				CLANG_WARN_CONSTANT_CONVERSION = YES;
				CLANG_WARN_DEPRECATED_OBJC_IMPLEMENTATIONS = YES;
				CLANG_WARN_DIRECT_OBJC_ISA_USAGE = YES_ERROR;
				CLANG_WARN_DOCUMENTATION_COMMENTS = YES;
				CLANG_WARN_EMPTY_BODY = YES;
				CLANG_WARN_ENUM_CONVERSION = YES;
				CLANG_WARN_INFINITE_RECURSION = YES;
				CLANG_WARN_INT_CONVERSION = YES;
				CLANG_WARN_NON_LITERAL_NULL_CONVERSION = YES;
				CLANG_WARN_OBJC_IMPLICIT_RETAIN_SELF = YES;
				CLANG_WARN_OBJC_LITERAL_CONVERSION = YES;
				CLANG_WARN_OBJC_ROOT_CLASS = YES_ERROR;
				CLANG_WARN_QUOTED_INCLUDE_IN_FRAMEWORK_HEADER = YES;
				CLANG_WARN_RANGE_LOOP_ANALYSIS = YES;
				CLANG_WARN_STRICT_PROTOTYPES = YES;
				CLANG_WARN_SUSPICIOUS_MOVE = YES;
				CLANG_WARN_UNGUARDED_AVAILABILITY = YES_AGGRESSIVE;
				CLANG_WARN_UNREACHABLE_CODE = YES;
				CLANG_WARN__DUPLICATE_METHOD_MATCH = YES;
				COPY_PHASE_STRIP = NO;
				DEBUG_INFORMATION_FORMAT = "dwarf-with-dsym";
				ENABLE_NS_ASSERTIONS = NO;
				ENABLE_STRICT_OBJC_MSGSEND = YES;
				GCC_C_LANGUAGE_STANDARD = gnu11;
				GCC_NO_COMMON_BLOCKS = YES;
				GCC_WARN_64_TO_32_BIT_CONVERSION = YES;
				GCC_WARN_ABOUT_RETURN_TYPE = YES_ERROR;
				GCC_WARN_UNDECLARED_SELECTOR = YES;
				GCC_WARN_UNINITIALIZED_AUTOS = YES_AGGRESSIVE;
				GCC_WARN_UNUSED_FUNCTION = YES;
				GCC_WARN_UNUSED_VARIABLE = YES;
				IPHONEOS_DEPLOYMENT_TARGET = 16.2;
				MTL_ENABLE_DEBUG_INFO = NO;
				MTL_FAST_MATH = YES;
				SDKROOT = iphoneos;
				SWIFT_COMPILATION_MODE = wholemodule;
				SWIFT_OPTIMIZATION_LEVEL = "-O";
				VALIDATE_PRODUCT = YES;
			};
			name = Release;
		};
		925ECB3529693354005AD2AF /* Debug */ = {
			isa = XCBuildConfiguration;
			buildSettings = {
				ASSETCATALOG_COMPILER_APPICON_NAME = AppIcon;
				ASSETCATALOG_COMPILER_GLOBAL_ACCENT_COLOR_NAME = AccentColor;
				CODE_SIGN_STYLE = Automatic;
				CURRENT_PROJECT_VERSION = 1;
				DEVELOPMENT_ASSET_PATHS = "\"FirebasePractice/Preview Content\"";
				ENABLE_PREVIEWS = YES;
				GENERATE_INFOPLIST_FILE = YES;
				INFOPLIST_KEY_UIApplicationSceneManifest_Generation = YES;
				INFOPLIST_KEY_UIApplicationSupportsIndirectInputEvents = YES;
				INFOPLIST_KEY_UILaunchScreen_Generation = YES;
				INFOPLIST_KEY_UISupportedInterfaceOrientations_iPad = "UIInterfaceOrientationPortrait UIInterfaceOrientationPortraitUpsideDown UIInterfaceOrientationLandscapeLeft UIInterfaceOrientationLandscapeRight";
				INFOPLIST_KEY_UISupportedInterfaceOrientations_iPhone = "UIInterfaceOrientationPortrait UIInterfaceOrientationLandscapeLeft UIInterfaceOrientationLandscapeRight";
				LD_RUNPATH_SEARCH_PATHS = (
					"$(inherited)",
					"@executable_path/Frameworks",
				);
				MARKETING_VERSION = 1.0;
				PRODUCT_BUNDLE_IDENTIFIER = hyem.FirebasePractice;
				PRODUCT_NAME = "$(TARGET_NAME)";
				SWIFT_EMIT_LOC_STRINGS = YES;
				SWIFT_VERSION = 5.0;
				TARGETED_DEVICE_FAMILY = "1,2";
			};
			name = Debug;
		};
		925ECB3629693354005AD2AF /* Release */ = {
			isa = XCBuildConfiguration;
			buildSettings = {
				ASSETCATALOG_COMPILER_APPICON_NAME = AppIcon;
				ASSETCATALOG_COMPILER_GLOBAL_ACCENT_COLOR_NAME = AccentColor;
				CODE_SIGN_STYLE = Automatic;
				CURRENT_PROJECT_VERSION = 1;
				DEVELOPMENT_ASSET_PATHS = "\"FirebasePractice/Preview Content\"";
				ENABLE_PREVIEWS = YES;
				GENERATE_INFOPLIST_FILE = YES;
				INFOPLIST_KEY_UIApplicationSceneManifest_Generation = YES;
				INFOPLIST_KEY_UIApplicationSupportsIndirectInputEvents = YES;
				INFOPLIST_KEY_UILaunchScreen_Generation = YES;
				INFOPLIST_KEY_UISupportedInterfaceOrientations_iPad = "UIInterfaceOrientationPortrait UIInterfaceOrientationPortraitUpsideDown UIInterfaceOrientationLandscapeLeft UIInterfaceOrientationLandscapeRight";
				INFOPLIST_KEY_UISupportedInterfaceOrientations_iPhone = "UIInterfaceOrientationPortrait UIInterfaceOrientationLandscapeLeft UIInterfaceOrientationLandscapeRight";
				LD_RUNPATH_SEARCH_PATHS = (
					"$(inherited)",
					"@executable_path/Frameworks",
				);
				MARKETING_VERSION = 1.0;
				PRODUCT_BUNDLE_IDENTIFIER = hyem.FirebasePractice;
				PRODUCT_NAME = "$(TARGET_NAME)";
				SWIFT_EMIT_LOC_STRINGS = YES;
				SWIFT_VERSION = 5.0;
				TARGETED_DEVICE_FAMILY = "1,2";
			};
			name = Release;
		};
/* End XCBuildConfiguration section */

/* Begin XCConfigurationList section */
		925ECB2129693351005AD2AF /* Build configuration list for PBXProject "FirebasePractice" */ = {
			isa = XCConfigurationList;
			buildConfigurations = (
				925ECB3229693354005AD2AF /* Debug */,
				925ECB3329693354005AD2AF /* Release */,
			);
			defaultConfigurationIsVisible = 0;
			defaultConfigurationName = Release;
		};
		925ECB3429693354005AD2AF /* Build configuration list for PBXNativeTarget "FirebasePractice" */ = {
			isa = XCConfigurationList;
			buildConfigurations = (
				925ECB3529693354005AD2AF /* Debug */,
				925ECB3629693354005AD2AF /* Release */,
			);
			defaultConfigurationIsVisible = 0;
			defaultConfigurationName = Release;
		};
/* End XCConfigurationList section */

/* Begin XCRemoteSwiftPackageReference section */
		92744CD9296B1C2200126A57 /* XCRemoteSwiftPackageReference "firebase-ios-sdk" */ = {
			isa = XCRemoteSwiftPackageReference;
			repositoryURL = "https://github.com/firebase/firebase-ios-sdk";
			requirement = {
				branch = master;
				kind = branch;
			};
		};
/* End XCRemoteSwiftPackageReference section */

/* Begin XCSwiftPackageProductDependency section */
		92744CDA296B1C2200126A57 /* FirebaseAuth */ = {
			isa = XCSwiftPackageProductDependency;
			package = 92744CD9296B1C2200126A57 /* XCRemoteSwiftPackageReference "firebase-ios-sdk" */;
			productName = FirebaseAuth;
		};
		92744CDC296B1C2200126A57 /* FirebaseDatabase */ = {
			isa = XCSwiftPackageProductDependency;
			package = 92744CD9296B1C2200126A57 /* XCRemoteSwiftPackageReference "firebase-ios-sdk" */;
			productName = FirebaseDatabase;
		};
		92744CDE296B1C2200126A57 /* FirebaseDatabaseSwift */ = {
			isa = XCSwiftPackageProductDependency;
			package = 92744CD9296B1C2200126A57 /* XCRemoteSwiftPackageReference "firebase-ios-sdk" */;
			productName = FirebaseDatabaseSwift;
		};
		92744CE0296B1C2200126A57 /* FirebaseFirestore */ = {
			isa = XCSwiftPackageProductDependency;
			package = 92744CD9296B1C2200126A57 /* XCRemoteSwiftPackageReference "firebase-ios-sdk" */;
			productName = FirebaseFirestore;
		};
/* End XCSwiftPackageProductDependency section */
	};
	rootObject = 925ECB1E29693351005AD2AF /* Project object */;
}
